// !$*UTF8*$!
{
	archiveVersion = 1;
	classes = {
	};
	objectVersion = 46;
	objects = {

/* Begin PBXBuildFile section */
		B899BF7B1EC25736000F404F /* UserInputViewController.m in Sources */ = {isa = PBXBuildFile; fileRef = B899BF7A1EC25736000F404F /* UserInputViewController.m */; };
		B8ADEDD41EAB4419008EAC36 /* main.m in Sources */ = {isa = PBXBuildFile; fileRef = B8ADEDD31EAB4419008EAC36 /* main.m */; };
		B8ADEDD71EAB4419008EAC36 /* AppDelegate.m in Sources */ = {isa = PBXBuildFile; fileRef = B8ADEDD61EAB4419008EAC36 /* AppDelegate.m */; };
		B8ADEDDA1EAB4419008EAC36 /* ViewController.m in Sources */ = {isa = PBXBuildFile; fileRef = B8ADEDD91EAB4419008EAC36 /* ViewController.m */; };
		B8ADEDDD1EAB4419008EAC36 /* Main.storyboard in Resources */ = {isa = PBXBuildFile; fileRef = B8ADEDDB1EAB4419008EAC36 /* Main.storyboard */; };
		B8ADEDDF1EAB4419008EAC36 /* Assets.xcassets in Resources */ = {isa = PBXBuildFile; fileRef = B8ADEDDE1EAB4419008EAC36 /* Assets.xcassets */; };
		B8ADEDE21EAB4419008EAC36 /* LaunchScreen.storyboard in Resources */ = {isa = PBXBuildFile; fileRef = B8ADEDE01EAB4419008EAC36 /* LaunchScreen.storyboard */; };
		B8B5E5B01EB787C000D3A8F2 /* CustomButton.m in Sources */ = {isa = PBXBuildFile; fileRef = B8B5E5AF1EB787C000D3A8F2 /* CustomButton.m */; };
/* End PBXBuildFile section */

/* Begin PBXFileReference section */
		B899BF791EC25736000F404F /* UserInputViewController.h */ = {isa = PBXFileReference; fileEncoding = 4; lastKnownFileType = sourcecode.c.h; path = UserInputViewController.h; sourceTree = "<group>"; };
		B899BF7A1EC25736000F404F /* UserInputViewController.m */ = {isa = PBXFileReference; fileEncoding = 4; lastKnownFileType = sourcecode.c.objc; path = UserInputViewController.m; sourceTree = "<group>"; };
		B8ADEDCF1EAB4419008EAC36 /* arementalkingtoomuch.app */ = {isa = PBXFileReference; explicitFileType = wrapper.application; includeInIndex = 0; path = arementalkingtoomuch.app; sourceTree = BUILT_PRODUCTS_DIR; };
		B8ADEDD31EAB4419008EAC36 /* main.m */ = {isa = PBXFileReference; lastKnownFileType = sourcecode.c.objc; path = main.m; sourceTree = "<group>"; };
		B8ADEDD51EAB4419008EAC36 /* AppDelegate.h */ = {isa = PBXFileReference; lastKnownFileType = sourcecode.c.h; path = AppDelegate.h; sourceTree = "<group>"; };
		B8ADEDD61EAB4419008EAC36 /* AppDelegate.m */ = {isa = PBXFileReference; lastKnownFileType = sourcecode.c.objc; path = AppDelegate.m; sourceTree = "<group>"; };
		B8ADEDD81EAB4419008EAC36 /* ViewController.h */ = {isa = PBXFileReference; lastKnownFileType = sourcecode.c.h; path = ViewController.h; sourceTree = "<group>"; };
		B8ADEDD91EAB4419008EAC36 /* ViewController.m */ = {isa = PBXFileReference; lastKnownFileType = sourcecode.c.objc; path = ViewController.m; sourceTree = "<group>"; };
		B8ADEDDC1EAB4419008EAC36 /* Base */ = {isa = PBXFileReference; lastKnownFileType = file.storyboard; name = Base; path = Base.lproj/Main.storyboard; sourceTree = "<group>"; };
		B8ADEDDE1EAB4419008EAC36 /* Assets.xcassets */ = {isa = PBXFileReference; lastKnownFileType = folder.assetcatalog; path = Assets.xcassets; sourceTree = "<group>"; };
		B8ADEDE11EAB4419008EAC36 /* Base */ = {isa = PBXFileReference; lastKnownFileType = file.storyboard; name = Base; path = Base.lproj/LaunchScreen.storyboard; sourceTree = "<group>"; };
		B8ADEDE31EAB4419008EAC36 /* Info.plist */ = {isa = PBXFileReference; lastKnownFileType = text.plist.xml; path = Info.plist; sourceTree = "<group>"; };
		B8B5E5AE1EB787C000D3A8F2 /* CustomButton.h */ = {isa = PBXFileReference; fileEncoding = 4; lastKnownFileType = sourcecode.c.h; path = CustomButton.h; sourceTree = "<group>"; };
		B8B5E5AF1EB787C000D3A8F2 /* CustomButton.m */ = {isa = PBXFileReference; fileEncoding = 4; lastKnownFileType = sourcecode.c.objc; path = CustomButton.m; sourceTree = "<group>"; };
/* End PBXFileReference section */

/* Begin PBXFrameworksBuildPhase section */
		B8ADEDCC1EAB4419008EAC36 /* Frameworks */ = {
			isa = PBXFrameworksBuildPhase;
			buildActionMask = 2147483647;
			files = (
			);
			runOnlyForDeploymentPostprocessing = 0;
		};
/* End PBXFrameworksBuildPhase section */

/* Begin PBXGroup section */
		B8ADEDC61EAB4419008EAC36 = {
			isa = PBXGroup;
			children = (
				B8ADEDD11EAB4419008EAC36 /* arementalkingtoomuch */,
				B8ADEDD01EAB4419008EAC36 /* Products */,
			);
			sourceTree = "<group>";
		};
		B8ADEDD01EAB4419008EAC36 /* Products */ = {
			isa = PBXGroup;
			children = (
				B8ADEDCF1EAB4419008EAC36 /* arementalkingtoomuch.app */,
			);
			name = Products;
			sourceTree = "<group>";
		};
		B8ADEDD11EAB4419008EAC36 /* arementalkingtoomuch */ = {
			isa = PBXGroup;
			children = (
				B8ADEDD51EAB4419008EAC36 /* AppDelegate.h */,
				B8ADEDD61EAB4419008EAC36 /* AppDelegate.m */,
				B8ADEDD81EAB4419008EAC36 /* ViewController.h */,
				B8ADEDD91EAB4419008EAC36 /* ViewController.m */,
				B8ADEDDB1EAB4419008EAC36 /* Main.storyboard */,
				B899BF791EC25736000F404F /* UserInputViewController.h */,
				B899BF7A1EC25736000F404F /* UserInputViewController.m */,
				B8ADEDDE1EAB4419008EAC36 /* Assets.xcassets */,
				B8ADEDE01EAB4419008EAC36 /* LaunchScreen.storyboard */,
				B8ADEDE31EAB4419008EAC36 /* Info.plist */,
				B8ADEDD21EAB4419008EAC36 /* Supporting Files */,
				B8B5E5AE1EB787C000D3A8F2 /* CustomButton.h */,
				B8B5E5AF1EB787C000D3A8F2 /* CustomButton.m */,
			);
			path = arementalkingtoomuch;
			sourceTree = "<group>";
		};
		B8ADEDD21EAB4419008EAC36 /* Supporting Files */ = {
			isa = PBXGroup;
			children = (
				B8ADEDD31EAB4419008EAC36 /* main.m */,
			);
			name = "Supporting Files";
			sourceTree = "<group>";
		};
/* End PBXGroup section */

/* Begin PBXNativeTarget section */
		B8ADEDCE1EAB4419008EAC36 /* arementalkingtoomuch */ = {
			isa = PBXNativeTarget;
			buildConfigurationList = B8ADEDE61EAB4419008EAC36 /* Build configuration list for PBXNativeTarget "arementalkingtoomuch" */;
			buildPhases = (
				B8ADEDCB1EAB4419008EAC36 /* Sources */,
				B8ADEDCC1EAB4419008EAC36 /* Frameworks */,
				B8ADEDCD1EAB4419008EAC36 /* Resources */,
			);
			buildRules = (
			);
			dependencies = (
			);
			name = arementalkingtoomuch;
			productName = arementalkingtoomuch;
			productReference = B8ADEDCF1EAB4419008EAC36 /* arementalkingtoomuch.app */;
			productType = "com.apple.product-type.application";
		};
/* End PBXNativeTarget section */

/* Begin PBXProject section */
		B8ADEDC71EAB4419008EAC36 /* Project object */ = {
			isa = PBXProject;
			attributes = {
				LastUpgradeCheck = 0820;
				ORGANIZATIONNAME = "Jean-Paul Gorman";
				TargetAttributes = {
					B8ADEDCE1EAB4419008EAC36 = {
						CreatedOnToolsVersion = 8.2.1;
						DevelopmentTeam = FV28QZD24C;
						ProvisioningStyle = Automatic;
					};
				};
			};
			buildConfigurationList = B8ADEDCA1EAB4419008EAC36 /* Build configuration list for PBXProject "arementalkingtoomuch" */;
			compatibilityVersion = "Xcode 3.2";
			developmentRegion = English;
			hasScannedForEncodings = 0;
			knownRegions = (
				en,
				Base,
			);
			mainGroup = B8ADEDC61EAB4419008EAC36;
			productRefGroup = B8ADEDD01EAB4419008EAC36 /* Products */;
			projectDirPath = "";
			projectRoot = "";
			targets = (
				B8ADEDCE1EAB4419008EAC36 /* arementalkingtoomuch */,
			);
		};
/* End PBXProject section */

/* Begin PBXResourcesBuildPhase section */
		B8ADEDCD1EAB4419008EAC36 /* Resources */ = {
			isa = PBXResourcesBuildPhase;
			buildActionMask = 2147483647;
			files = (
				B8ADEDE21EAB4419008EAC36 /* LaunchScreen.storyboard in Resources */,
				B8ADEDDF1EAB4419008EAC36 /* Assets.xcassets in Resources */,
				B8ADEDDD1EAB4419008EAC36 /* Main.storyboard in Resources */,
			);
			runOnlyForDeploymentPostprocessing = 0;
		};
/* End PBXResourcesBuildPhase section */

/* Begin PBXSourcesBuildPhase section */
		B8ADEDCB1EAB4419008EAC36 /* Sources */ = {
			isa = PBXSourcesBuildPhase;
			buildActionMask = 2147483647;
			files = (
				B899BF7B1EC25736000F404F /* UserInputViewController.m in Sources */,
				B8B5E5B01EB787C000D3A8F2 /* CustomButton.m in Sources */,
				B8ADEDDA1EAB4419008EAC36 /* ViewController.m in Sources */,
				B8ADEDD71EAB4419008EAC36 /* AppDelegate.m in Sources */,
				B8ADEDD41EAB4419008EAC36 /* main.m in Sources */,
			);
			runOnlyForDeploymentPostprocessing = 0;
		};
/* End PBXSourcesBuildPhase section */

/* Begin PBXVariantGroup section */
		B8ADEDDB1EAB4419008EAC36 /* Main.storyboard */ = {
			isa = PBXVariantGroup;
			children = (
				B8ADEDDC1EAB4419008EAC36 /* Base */,
			);
			name = Main.storyboard;
			sourceTree = "<group>";
		};
		B8ADEDE01EAB4419008EAC36 /* LaunchScreen.storyboard */ = {
			isa = PBXVariantGroup;
			children = (
				B8ADEDE11EAB4419008EAC36 /* Base */,
			);
			name = LaunchScreen.storyboard;
			sourceTree = "<group>";
		};
/* End PBXVariantGroup section */

/* Begin XCBuildConfiguration section */
		B8ADEDE41EAB4419008EAC36 /* Debug */ = {
			isa = XCBuildConfiguration;
			buildSettings = {
				ALWAYS_SEARCH_USER_PATHS = NO;
				CLANG_ANALYZER_NONNULL = YES;
				CLANG_CXX_LANGUAGE_STANDARD = "gnu++0x";
				CLANG_CXX_LIBRARY = "libc++";
				CLANG_ENABLE_MODULES = YES;
				CLANG_ENABLE_OBJC_ARC = YES;
				CLANG_WARN_BOOL_CONVERSION = YES;
				CLANG_WARN_CONSTANT_CONVERSION = YES;
				CLANG_WARN_DIRECT_OBJC_ISA_USAGE = YES_ERROR;
				CLANG_WARN_DOCUMENTATION_COMMENTS = YES;
				CLANG_WARN_EMPTY_BODY = YES;
				CLANG_WARN_ENUM_CONVERSION = YES;
				CLANG_WARN_INFINITE_RECURSION = YES;
				CLANG_WARN_INT_CONVERSION = YES;
				CLANG_WARN_OBJC_ROOT_CLASS = YES_ERROR;
				CLANG_WARN_SUSPICIOUS_MOVE = YES;
				CLANG_WARN_UNREACHABLE_CODE = YES;
				CLANG_WARN__DUPLICATE_METHOD_MATCH = YES;
				"CODE_SIGN_IDENTITY[sdk=iphoneos*]" = "iPhone Developer";
				COPY_PHASE_STRIP = NO;
				DEBUG_INFORMATION_FORMAT = dwarf;
				ENABLE_STRICT_OBJC_MSGSEND = YES;
				ENABLE_TESTABILITY = YES;
				GCC_C_LANGUAGE_STANDARD = gnu99;
				GCC_DYNAMIC_NO_PIC = NO;
				GCC_NO_COMMON_BLOCKS = YES;
				GCC_OPTIMIZATION_LEVEL = 0;
				GCC_PREPROCESSOR_DEFINITIONS = (
					"DEBUG=1",
					"$(inherited)",
				);
				GCC_WARN_64_TO_32_BIT_CONVERSION = YES;
				GCC_WARN_ABOUT_RETURN_TYPE = YES_ERROR;
				GCC_WARN_UNDECLARED_SELECTOR = YES;
				GCC_WARN_UNINITIALIZED_AUTOS = YES_AGGRESSIVE;
				GCC_WARN_UNUSED_FUNCTION = YES;
				GCC_WARN_UNUSED_VARIABLE = YES;
				IPHONEOS_DEPLOYMENT_TARGET = 10.2;
				MTL_ENABLE_DEBUG_INFO = YES;
				ONLY_ACTIVE_ARCH = YES;
				SDKROOT = iphoneos;
			};
			name = Debug;
		};
		B8ADEDE51EAB4419008EAC36 /* Release */ = {
			isa = XCBuildConfiguration;
			buildSettings = {
				ALWAYS_SEARCH_USER_PATHS = NO;
				CLANG_ANALYZER_NONNULL = YES;
				CLANG_CXX_LANGUAGE_STANDARD = "gnu++0x";
				CLANG_CXX_LIBRARY = "libc++";
				CLANG_ENABLE_MODULES = YES;
				CLANG_ENABLE_OBJC_ARC = YES;
				CLANG_WARN_BOOL_CONVERSION = YES;
				CLANG_WARN_CONSTANT_CONVERSION = YES;
				CLANG_WARN_DIRECT_OBJC_ISA_USAGE = YES_ERROR;
				CLANG_WARN_DOCUMENTATION_COMMENTS = YES;
				CLANG_WARN_EMPTY_BODY = YES;
				CLANG_WARN_ENUM_CONVERSION = YES;
				CLANG_WARN_INFINITE_RECURSION = YES;
				CLANG_WARN_INT_CONVERSION = YES;
				CLANG_WARN_OBJC_ROOT_CLASS = YES_ERROR;
				CLANG_WARN_SUSPICIOUS_MOVE = YES;
				CLANG_WARN_UNREACHABLE_CODE = YES;
				CLANG_WARN__DUPLICATE_METHOD_MATCH = YES;
				"CODE_SIGN_IDENTITY[sdk=iphoneos*]" = "iPhone Developer";
				COPY_PHASE_STRIP = NO;
				DEBUG_INFORMATION_FORMAT = "dwarf-with-dsym";
				ENABLE_NS_ASSERTIONS = NO;
				ENABLE_STRICT_OBJC_MSGSEND = YES;
				GCC_C_LANGUAGE_STANDARD = gnu99;
				GCC_NO_COMMON_BLOCKS = YES;
				GCC_WARN_64_TO_32_BIT_CONVERSION = YES;
				GCC_WARN_ABOUT_RETURN_TYPE = YES_ERROR;
				GCC_WARN_UNDECLARED_SELECTOR = YES;
				GCC_WARN_UNINITIALIZED_AUTOS = YES_AGGRESSIVE;
				GCC_WARN_UNUSED_FUNCTION = YES;
				GCC_WARN_UNUSED_VARIABLE = YES;
				IPHONEOS_DEPLOYMENT_TARGET = 10.2;
				MTL_ENABLE_DEBUG_INFO = NO;
				SDKROOT = iphoneos;
				VALIDATE_PRODUCT = YES;
			};
			name = Release;
		};
		B8ADEDE71EAB4419008EAC36 /* Debug */ = {
			isa = XCBuildConfiguration;
			buildSettings = {
				ASSETCATALOG_COMPILER_APPICON_NAME = AppIcon;
				DEVELOPMENT_TEAM = FV28QZD24C;
				INFOPLIST_FILE = arementalkingtoomuch/Info.plist;
				IPHONEOS_DEPLOYMENT_TARGET = 9.0;
				LD_RUNPATH_SEARCH_PATHS = "$(inherited) @executable_path/Frameworks";
				PRODUCT_BUNDLE_IDENTIFIER = com.arementalkingtoomuch;
				PRODUCT_NAME = "$(TARGET_NAME)";
			};
			name = Debug;
		};
		B8ADEDE81EAB4419008EAC36 /* Release */ = {
			isa = XCBuildConfiguration;
			buildSettings = {
				ASSETCATALOG_COMPILER_APPICON_NAME = AppIcon;
				DEVELOPMENT_TEAM = FV28QZD24C;
				INFOPLIST_FILE = arementalkingtoomuch/Info.plist;
				IPHONEOS_DEPLOYMENT_TARGET = 9.0;
				LD_RUNPATH_SEARCH_PATHS = "$(inherited) @executable_path/Frameworks";
				PRODUCT_BUNDLE_IDENTIFIER = com.arementalkingtoomuch;
				PRODUCT_NAME = "$(TARGET_NAME)";
			};
			name = Release;
		};
/* End XCBuildConfiguration section */

/* Begin XCConfigurationList section */
		B8ADEDCA1EAB4419008EAC36 /* Build configuration list for PBXProject "arementalkingtoomuch" */ = {
			isa = XCConfigurationList;
			buildConfigurations = (
				B8ADEDE41EAB4419008EAC36 /* Debug */,
				B8ADEDE51EAB4419008EAC36 /* Release */,
			);
			defaultConfigurationIsVisible = 0;
			defaultConfigurationName = Release;
		};
		B8ADEDE61EAB4419008EAC36 /* Build configuration list for PBXNativeTarget "arementalkingtoomuch" */ = {
			isa = XCConfigurationList;
			buildConfigurations = (
				B8ADEDE71EAB4419008EAC36 /* Debug */,
				B8ADEDE81EAB4419008EAC36 /* Release */,
			);
			defaultConfigurationIsVisible = 0;
			defaultConfigurationName = Release;
		};
/* End XCConfigurationList section */
	};
	rootObject = B8ADEDC71EAB4419008EAC36 /* Project object */;
}
